
Microsoft Visual Studio Solution File, Format Version 12.00
# Visual Studio Version 17
VisualStudioVersion = 17.0.31903.59
MinimumVisualStudioVersion = 10.0.40219.1
Project("{9A19103F-16F7-4668-BE54-9A1E7A4F7556}") = "SportsStore", "SportsStore\SportsStore.csproj", "{13A6F1B6-BAE2-4556-BBCA-715A910378F8}"
EndProject
Project("{9A19103F-16F7-4668-BE54-9A1E7A4F7556}") = "SportsStore.Tests", "SportsStore.Tests\SportsStore.Tests.csproj", "{36E61F60-DC07-4447-9E6C-47A9A47EA39D}"
EndProject
Global
	GlobalSection(SolutionConfigurationPlatforms) = preSolution
		Debug|Any CPU = Debug|Any CPU
		Release|Any CPU = Release|Any CPU
	EndGlobalSection
	GlobalSection(ProjectConfigurationPlatforms) = postSolution
		{13A6F1B6-BAE2-4556-BBCA-715A910378F8}.Debug|Any CPU.ActiveCfg = Debug|Any CPU
		{13A6F1B6-BAE2-4556-BBCA-715A910378F8}.Debug|Any CPU.Build.0 = Debug|Any CPU
		{13A6F1B6-BAE2-4556-BBCA-715A910378F8}.Release|Any CPU.ActiveCfg = Release|Any CPU
		{13A6F1B6-BAE2-4556-BBCA-715A910378F8}.Release|Any CPU.Build.0 = Release|Any CPU
		{36E61F60-DC07-4447-9E6C-47A9A47EA39D}.Debug|Any CPU.ActiveCfg = Debug|Any CPU
		{36E61F60-DC07-4447-9E6C-47A9A47EA39D}.Debug|Any CPU.Build.0 = Debug|Any CPU
		{36E61F60-DC07-4447-9E6C-47A9A47EA39D}.Release|Any CPU.ActiveCfg = Release|Any CPU
		{36E61F60-DC07-4447-9E6C-47A9A47EA39D}.Release|Any CPU.Build.0 = Release|Any CPU
	EndGlobalSection
	GlobalSection(SolutionProperties) = preSolution
		HideSolutionNode = FALSE
	EndGlobalSection
	GlobalSection(ExtensibilityGlobals) = postSolution
		SolutionGuid = {1A10D514-6D70-4483-A847-1827815894D3}
	EndGlobalSection
EndGlobal
